// !$*UTF8*$!
{
	archiveVersion = 1;
	classes = {
	};
	objectVersion = 46;
	objects = {

/* Begin PBXBuildFile section */
		7A03D4F51C403884007F8023 /* ParseUI.framework in Frameworks */ = {isa = PBXBuildFile; fileRef = 801A79E61B3CCD3E004EC713 /* ParseUI.framework */; };
		7A37C72D1C3F89C4009FB9CA /* libsqlite3.tbd in Frameworks */ = {isa = PBXBuildFile; fileRef = 7A37C72C1C3F89C4009FB9CA /* libsqlite3.tbd */; };
		7A37C72F1C3F89DE009FB9CA /* libz.tbd in Frameworks */ = {isa = PBXBuildFile; fileRef = 7A37C72E1C3F89DE009FB9CA /* libz.tbd */; };
		7AADAA501C6E33010058E870 /* FirstPFTableViewCell.swift in Sources */ = {isa = PBXBuildFile; fileRef = 7AADAA4F1C6E33010058E870 /* FirstPFTableViewCell.swift */; };
		80130D731B2634F100009276 /* OpenPageViewController.swift in Sources */ = {isa = PBXBuildFile; fileRef = 80130D721B2634F100009276 /* OpenPageViewController.swift */; };
		80130D751B26373700009276 /* LogInViewController.swift in Sources */ = {isa = PBXBuildFile; fileRef = 80130D741B26373700009276 /* LogInViewController.swift */; };
		80130D831B26598500009276 /* HomeViewController.swift in Sources */ = {isa = PBXBuildFile; fileRef = 80130D821B26598500009276 /* HomeViewController.swift */; };
		80130D901B2EA10000009276 /* OpenSans-Bold.ttf in Resources */ = {isa = PBXBuildFile; fileRef = 80130D861B2EA10000009276 /* OpenSans-Bold.ttf */; };
		80130D911B2EA10000009276 /* OpenSans-Bold.ttf in Resources */ = {isa = PBXBuildFile; fileRef = 80130D861B2EA10000009276 /* OpenSans-Bold.ttf */; };
		80130D921B2EA10000009276 /* OpenSans-BoldItalic.ttf in Resources */ = {isa = PBXBuildFile; fileRef = 80130D871B2EA10000009276 /* OpenSans-BoldItalic.ttf */; };
		80130D931B2EA10000009276 /* OpenSans-BoldItalic.ttf in Resources */ = {isa = PBXBuildFile; fileRef = 80130D871B2EA10000009276 /* OpenSans-BoldItalic.ttf */; };
		80130D941B2EA10000009276 /* OpenSans-ExtraBold.ttf in Resources */ = {isa = PBXBuildFile; fileRef = 80130D881B2EA10000009276 /* OpenSans-ExtraBold.ttf */; };
		80130D951B2EA10000009276 /* OpenSans-ExtraBold.ttf in Resources */ = {isa = PBXBuildFile; fileRef = 80130D881B2EA10000009276 /* OpenSans-ExtraBold.ttf */; };
		80130D961B2EA10000009276 /* OpenSans-ExtraBoldItalic.ttf in Resources */ = {isa = PBXBuildFile; fileRef = 80130D891B2EA10000009276 /* OpenSans-ExtraBoldItalic.ttf */; };
		80130D971B2EA10000009276 /* OpenSans-ExtraBoldItalic.ttf in Resources */ = {isa = PBXBuildFile; fileRef = 80130D891B2EA10000009276 /* OpenSans-ExtraBoldItalic.ttf */; };
		80130D981B2EA10000009276 /* OpenSans-Italic.ttf in Resources */ = {isa = PBXBuildFile; fileRef = 80130D8A1B2EA10000009276 /* OpenSans-Italic.ttf */; };
		80130D991B2EA10000009276 /* OpenSans-Italic.ttf in Resources */ = {isa = PBXBuildFile; fileRef = 80130D8A1B2EA10000009276 /* OpenSans-Italic.ttf */; };
		80130D9A1B2EA10000009276 /* OpenSans-Light.ttf in Resources */ = {isa = PBXBuildFile; fileRef = 80130D8B1B2EA10000009276 /* OpenSans-Light.ttf */; };
		80130D9B1B2EA10000009276 /* OpenSans-Light.ttf in Resources */ = {isa = PBXBuildFile; fileRef = 80130D8B1B2EA10000009276 /* OpenSans-Light.ttf */; };
		80130D9C1B2EA10000009276 /* OpenSans-LightItalic.ttf in Resources */ = {isa = PBXBuildFile; fileRef = 80130D8C1B2EA10000009276 /* OpenSans-LightItalic.ttf */; };
		80130D9D1B2EA10000009276 /* OpenSans-LightItalic.ttf in Resources */ = {isa = PBXBuildFile; fileRef = 80130D8C1B2EA10000009276 /* OpenSans-LightItalic.ttf */; };
		80130D9E1B2EA10000009276 /* OpenSans-Regular.ttf in Resources */ = {isa = PBXBuildFile; fileRef = 80130D8D1B2EA10000009276 /* OpenSans-Regular.ttf */; };
		80130D9F1B2EA10000009276 /* OpenSans-Regular.ttf in Resources */ = {isa = PBXBuildFile; fileRef = 80130D8D1B2EA10000009276 /* OpenSans-Regular.ttf */; };
		80130DA01B2EA10000009276 /* OpenSans-Semibold.ttf in Resources */ = {isa = PBXBuildFile; fileRef = 80130D8E1B2EA10000009276 /* OpenSans-Semibold.ttf */; };
		80130DA11B2EA10000009276 /* OpenSans-Semibold.ttf in Resources */ = {isa = PBXBuildFile; fileRef = 80130D8E1B2EA10000009276 /* OpenSans-Semibold.ttf */; };
		80130DA21B2EA10000009276 /* OpenSans-SemiboldItalic.ttf in Resources */ = {isa = PBXBuildFile; fileRef = 80130D8F1B2EA10000009276 /* OpenSans-SemiboldItalic.ttf */; };
		80130DA31B2EA10000009276 /* OpenSans-SemiboldItalic.ttf in Resources */ = {isa = PBXBuildFile; fileRef = 80130D8F1B2EA10000009276 /* OpenSans-SemiboldItalic.ttf */; };
		80130DA51B2F7A6F00009276 /* SignUpViewController.swift in Sources */ = {isa = PBXBuildFile; fileRef = 80130DA41B2F7A6F00009276 /* SignUpViewController.swift */; };
		801A79DF1B3CC20E004EC713 /* ProfileViewController.swift in Sources */ = {isa = PBXBuildFile; fileRef = 801A79DE1B3CC20E004EC713 /* ProfileViewController.swift */; };
		801D4BA71B41E44900AC5607 /* location.swift in Sources */ = {isa = PBXBuildFile; fileRef = 801D4BA61B41E44900AC5607 /* location.swift */; };
		801D4BB11B4204C900AC5607 /* DescViewController.swift in Sources */ = {isa = PBXBuildFile; fileRef = 801D4BB01B4204C900AC5607 /* DescViewController.swift */; };
		807DD3131B66D8C400843379 /* CustomPFTableViewCell.swift in Sources */ = {isa = PBXBuildFile; fileRef = 807DD3121B66D8C400843379 /* CustomPFTableViewCell.swift */; };
		807DD3151B66E89000843379 /* DetailViewController.swift in Sources */ = {isa = PBXBuildFile; fileRef = 807DD3141B66E89000843379 /* DetailViewController.swift */; };
		8088D0AB1B45F73D0041A231 /* TableViewController.swift in Sources */ = {isa = PBXBuildFile; fileRef = 8088D0AA1B45F73D0041A231 /* TableViewController.swift */; };
		80BD4C091B338D48007794E6 /* Bolts.framework in Frameworks */ = {isa = PBXBuildFile; fileRef = 80BD4C061B338D48007794E6 /* Bolts.framework */; };
		80BD4C0B1B338D48007794E6 /* Parse.framework in Frameworks */ = {isa = PBXBuildFile; fileRef = 80BD4C071B338D48007794E6 /* Parse.framework */; };
		80BD4C0D1B338DC5007794E6 /* Bolts.framework in Frameworks */ = {isa = PBXBuildFile; fileRef = 80BD4C061B338D48007794E6 /* Bolts.framework */; };
		80BD4C0E1B338DCA007794E6 /* Parse.framework in Frameworks */ = {isa = PBXBuildFile; fileRef = 80BD4C071B338D48007794E6 /* Parse.framework */; };
		80BD4C1A1B338E2C007794E6 /* AudioToolbox.framework in Frameworks */ = {isa = PBXBuildFile; fileRef = 80BD4C0F1B338E2C007794E6 /* AudioToolbox.framework */; };
		80BD4C1B1B338E2C007794E6 /* CFNetwork.framework in Frameworks */ = {isa = PBXBuildFile; fileRef = 80BD4C101B338E2C007794E6 /* CFNetwork.framework */; };
		80BD4C1C1B338E2C007794E6 /* CoreGraphics.framework in Frameworks */ = {isa = PBXBuildFile; fileRef = 80BD4C111B338E2C007794E6 /* CoreGraphics.framework */; };
		80BD4C1D1B338E2C007794E6 /* CoreLocation.framework in Frameworks */ = {isa = PBXBuildFile; fileRef = 80BD4C121B338E2C007794E6 /* CoreLocation.framework */; };
		80BD4C201B338E2C007794E6 /* MobileCoreServices.framework in Frameworks */ = {isa = PBXBuildFile; fileRef = 80BD4C151B338E2C007794E6 /* MobileCoreServices.framework */; };
		80BD4C211B338E2C007794E6 /* QuartzCore.framework in Frameworks */ = {isa = PBXBuildFile; fileRef = 80BD4C161B338E2C007794E6 /* QuartzCore.framework */; };
		80BD4C221B338E2C007794E6 /* Security.framework in Frameworks */ = {isa = PBXBuildFile; fileRef = 80BD4C171B338E2C007794E6 /* Security.framework */; };
		80BD4C241B338E2C007794E6 /* SystemConfiguration.framework in Frameworks */ = {isa = PBXBuildFile; fileRef = 80BD4C191B338E2C007794E6 /* SystemConfiguration.framework */; };
		80D837F11B74144400546EF2 /* AdminHomeViewController.swift in Sources */ = {isa = PBXBuildFile; fileRef = 80D837F01B74144400546EF2 /* AdminHomeViewController.swift */; };
		80D9552F1B17B37500D98A0B /* AppDelegate.swift in Sources */ = {isa = PBXBuildFile; fileRef = 80D9552E1B17B37500D98A0B /* AppDelegate.swift */; };
		80D955341B17B37600D98A0B /* Main.storyboard in Resources */ = {isa = PBXBuildFile; fileRef = 80D955321B17B37600D98A0B /* Main.storyboard */; };
		80D955361B17B37600D98A0B /* Images.xcassets in Resources */ = {isa = PBXBuildFile; fileRef = 80D955351B17B37600D98A0B /* Images.xcassets */; };
		80D955391B17B37600D98A0B /* LaunchScreen.xib in Resources */ = {isa = PBXBuildFile; fileRef = 80D955371B17B37600D98A0B /* LaunchScreen.xib */; };
		80D955451B17B37600D98A0B /* RoadtripTests.swift in Sources */ = {isa = PBXBuildFile; fileRef = 80D955441B17B37600D98A0B /* RoadtripTests.swift */; };
		80D955511B17C0F200D98A0B /* Default.jpg in Resources */ = {isa = PBXBuildFile; fileRef = 80D955501B17C0F200D98A0B /* Default.jpg */; };
		80D955531B17D9ED00D98A0B /* exiticon.png in Resources */ = {isa = PBXBuildFile; fileRef = 80D955521B17D9ED00D98A0B /* exiticon.png */; };
/* End PBXBuildFile section */

/* Begin PBXContainerItemProxy section */
		80D9553F1B17B37600D98A0B /* PBXContainerItemProxy */ = {
			isa = PBXContainerItemProxy;
			containerPortal = 80D955211B17B37500D98A0B /* Project object */;
			proxyType = 1;
			remoteGlobalIDString = 80D955281B17B37500D98A0B;
			remoteInfo = Roadtrip;
		};
/* End PBXContainerItemProxy section */

/* Begin PBXFileReference section */
		7A37C72C1C3F89C4009FB9CA /* libsqlite3.tbd */ = {isa = PBXFileReference; lastKnownFileType = "sourcecode.text-based-dylib-definition"; name = libsqlite3.tbd; path = usr/lib/libsqlite3.tbd; sourceTree = SDKROOT; };
		7A37C72E1C3F89DE009FB9CA /* libz.tbd */ = {isa = PBXFileReference; lastKnownFileType = "sourcecode.text-based-dylib-definition"; name = libz.tbd; path = usr/lib/libz.tbd; sourceTree = SDKROOT; };
		7AADAA4F1C6E33010058E870 /* FirstPFTableViewCell.swift */ = {isa = PBXFileReference; fileEncoding = 4; lastKnownFileType = sourcecode.swift; path = FirstPFTableViewCell.swift; sourceTree = "<group>"; };
		80130D721B2634F100009276 /* OpenPageViewController.swift */ = {isa = PBXFileReference; fileEncoding = 4; lastKnownFileType = sourcecode.swift; path = OpenPageViewController.swift; sourceTree = "<group>"; };
		80130D741B26373700009276 /* LogInViewController.swift */ = {isa = PBXFileReference; fileEncoding = 4; lastKnownFileType = sourcecode.swift; path = LogInViewController.swift; sourceTree = "<group>"; };
		80130D821B26598500009276 /* HomeViewController.swift */ = {isa = PBXFileReference; fileEncoding = 4; lastKnownFileType = sourcecode.swift; path = HomeViewController.swift; sourceTree = "<group>"; };
		80130D861B2EA10000009276 /* OpenSans-Bold.ttf */ = {isa = PBXFileReference; lastKnownFileType = file; path = "OpenSans-Bold.ttf"; sourceTree = "<group>"; };
		80130D871B2EA10000009276 /* OpenSans-BoldItalic.ttf */ = {isa = PBXFileReference; lastKnownFileType = file; path = "OpenSans-BoldItalic.ttf"; sourceTree = "<group>"; };
		80130D881B2EA10000009276 /* OpenSans-ExtraBold.ttf */ = {isa = PBXFileReference; lastKnownFileType = file; path = "OpenSans-ExtraBold.ttf"; sourceTree = "<group>"; };
		80130D891B2EA10000009276 /* OpenSans-ExtraBoldItalic.ttf */ = {isa = PBXFileReference; lastKnownFileType = file; path = "OpenSans-ExtraBoldItalic.ttf"; sourceTree = "<group>"; };
		80130D8A1B2EA10000009276 /* OpenSans-Italic.ttf */ = {isa = PBXFileReference; lastKnownFileType = file; path = "OpenSans-Italic.ttf"; sourceTree = "<group>"; };
		80130D8B1B2EA10000009276 /* OpenSans-Light.ttf */ = {isa = PBXFileReference; lastKnownFileType = file; path = "OpenSans-Light.ttf"; sourceTree = "<group>"; };
		80130D8C1B2EA10000009276 /* OpenSans-LightItalic.ttf */ = {isa = PBXFileReference; lastKnownFileType = file; path = "OpenSans-LightItalic.ttf"; sourceTree = "<group>"; };
		80130D8D1B2EA10000009276 /* OpenSans-Regular.ttf */ = {isa = PBXFileReference; lastKnownFileType = file; path = "OpenSans-Regular.ttf"; sourceTree = "<group>"; };
		80130D8E1B2EA10000009276 /* OpenSans-Semibold.ttf */ = {isa = PBXFileReference; lastKnownFileType = file; path = "OpenSans-Semibold.ttf"; sourceTree = "<group>"; };
		80130D8F1B2EA10000009276 /* OpenSans-SemiboldItalic.ttf */ = {isa = PBXFileReference; lastKnownFileType = file; path = "OpenSans-SemiboldItalic.ttf"; sourceTree = "<group>"; };
		80130DA41B2F7A6F00009276 /* SignUpViewController.swift */ = {isa = PBXFileReference; fileEncoding = 4; lastKnownFileType = sourcecode.swift; path = SignUpViewController.swift; sourceTree = "<group>"; };
		801A79DE1B3CC20E004EC713 /* ProfileViewController.swift */ = {isa = PBXFileReference; fileEncoding = 4; lastKnownFileType = sourcecode.swift; path = ProfileViewController.swift; sourceTree = "<group>"; };
		801A79E61B3CCD3E004EC713 /* ParseUI.framework */ = {isa = PBXFileReference; lastKnownFileType = wrapper.framework; name = ParseUI.framework; path = /Users/davidkrakauer/Desktop/Roadtrip/ParseUI.framework; sourceTree = "<absolute>"; };
		801D4BA61B41E44900AC5607 /* location.swift */ = {isa = PBXFileReference; fileEncoding = 4; lastKnownFileType = sourcecode.swift; path = location.swift; sourceTree = "<group>"; };
		801D4BB01B4204C900AC5607 /* DescViewController.swift */ = {isa = PBXFileReference; fileEncoding = 4; lastKnownFileType = sourcecode.swift; path = DescViewController.swift; sourceTree = "<group>"; };
		807DD3121B66D8C400843379 /* CustomPFTableViewCell.swift */ = {isa = PBXFileReference; fileEncoding = 4; lastKnownFileType = sourcecode.swift; path = CustomPFTableViewCell.swift; sourceTree = "<group>"; };
		807DD3141B66E89000843379 /* DetailViewController.swift */ = {isa = PBXFileReference; fileEncoding = 4; lastKnownFileType = sourcecode.swift; path = DetailViewController.swift; sourceTree = "<group>"; };
		8088D0AA1B45F73D0041A231 /* TableViewController.swift */ = {isa = PBXFileReference; fileEncoding = 4; lastKnownFileType = sourcecode.swift; path = TableViewController.swift; sourceTree = "<group>"; };
		80BD4C061B338D48007794E6 /* Bolts.framework */ = {isa = PBXFileReference; lastKnownFileType = wrapper.framework; path = Bolts.framework; sourceTree = "<group>"; };
		80BD4C071B338D48007794E6 /* Parse.framework */ = {isa = PBXFileReference; lastKnownFileType = wrapper.framework; path = Parse.framework; sourceTree = "<group>"; };
		80BD4C0F1B338E2C007794E6 /* AudioToolbox.framework */ = {isa = PBXFileReference; lastKnownFileType = wrapper.framework; name = AudioToolbox.framework; path = System/Library/Frameworks/AudioToolbox.framework; sourceTree = SDKROOT; };
		80BD4C101B338E2C007794E6 /* CFNetwork.framework */ = {isa = PBXFileReference; lastKnownFileType = wrapper.framework; name = CFNetwork.framework; path = System/Library/Frameworks/CFNetwork.framework; sourceTree = SDKROOT; };
		80BD4C111B338E2C007794E6 /* CoreGraphics.framework */ = {isa = PBXFileReference; lastKnownFileType = wrapper.framework; name = CoreGraphics.framework; path = System/Library/Frameworks/CoreGraphics.framework; sourceTree = SDKROOT; };
		80BD4C121B338E2C007794E6 /* CoreLocation.framework */ = {isa = PBXFileReference; lastKnownFileType = wrapper.framework; name = CoreLocation.framework; path = System/Library/Frameworks/CoreLocation.framework; sourceTree = SDKROOT; };
		80BD4C151B338E2C007794E6 /* MobileCoreServices.framework */ = {isa = PBXFileReference; lastKnownFileType = wrapper.framework; name = MobileCoreServices.framework; path = System/Library/Frameworks/MobileCoreServices.framework; sourceTree = SDKROOT; };
		80BD4C161B338E2C007794E6 /* QuartzCore.framework */ = {isa = PBXFileReference; lastKnownFileType = wrapper.framework; name = QuartzCore.framework; path = System/Library/Frameworks/QuartzCore.framework; sourceTree = SDKROOT; };
		80BD4C171B338E2C007794E6 /* Security.framework */ = {isa = PBXFileReference; lastKnownFileType = wrapper.framework; name = Security.framework; path = System/Library/Frameworks/Security.framework; sourceTree = SDKROOT; };
		80BD4C191B338E2C007794E6 /* SystemConfiguration.framework */ = {isa = PBXFileReference; lastKnownFileType = wrapper.framework; name = SystemConfiguration.framework; path = System/Library/Frameworks/SystemConfiguration.framework; sourceTree = SDKROOT; };
		80D837F01B74144400546EF2 /* AdminHomeViewController.swift */ = {isa = PBXFileReference; fileEncoding = 4; lastKnownFileType = sourcecode.swift; path = AdminHomeViewController.swift; sourceTree = "<group>"; };
		80D955291B17B37500D98A0B /* Roadtrip.app */ = {isa = PBXFileReference; explicitFileType = wrapper.application; includeInIndex = 0; path = Roadtrip.app; sourceTree = BUILT_PRODUCTS_DIR; };
		80D9552D1B17B37500D98A0B /* Info.plist */ = {isa = PBXFileReference; lastKnownFileType = text.plist.xml; path = Info.plist; sourceTree = "<group>"; };
		80D9552E1B17B37500D98A0B /* AppDelegate.swift */ = {isa = PBXFileReference; lastKnownFileType = sourcecode.swift; path = AppDelegate.swift; sourceTree = "<group>"; };
		80D955331B17B37600D98A0B /* Base */ = {isa = PBXFileReference; lastKnownFileType = file.storyboard; name = Base; path = Base.lproj/Main.storyboard; sourceTree = "<group>"; };
		80D955351B17B37600D98A0B /* Images.xcassets */ = {isa = PBXFileReference; lastKnownFileType = folder.assetcatalog; path = Images.xcassets; sourceTree = "<group>"; };
		80D955381B17B37600D98A0B /* Base */ = {isa = PBXFileReference; lastKnownFileType = file.xib; name = Base; path = Base.lproj/LaunchScreen.xib; sourceTree = "<group>"; };
		80D9553E1B17B37600D98A0B /* RoadtripTests.xctest */ = {isa = PBXFileReference; explicitFileType = wrapper.cfbundle; includeInIndex = 0; path = RoadtripTests.xctest; sourceTree = BUILT_PRODUCTS_DIR; };
		80D955431B17B37600D98A0B /* Info.plist */ = {isa = PBXFileReference; lastKnownFileType = text.plist.xml; path = Info.plist; sourceTree = "<group>"; };
		80D955441B17B37600D98A0B /* RoadtripTests.swift */ = {isa = PBXFileReference; lastKnownFileType = sourcecode.swift; path = RoadtripTests.swift; sourceTree = "<group>"; };
		80D955501B17C0F200D98A0B /* Default.jpg */ = {isa = PBXFileReference; lastKnownFileType = image.jpeg; path = Default.jpg; sourceTree = "<group>"; };
		80D955521B17D9ED00D98A0B /* exiticon.png */ = {isa = PBXFileReference; lastKnownFileType = image.png; path = exiticon.png; sourceTree = "<group>"; };
/* End PBXFileReference section */

/* Begin PBXFrameworksBuildPhase section */
		80D955261B17B37500D98A0B /* Frameworks */ = {
			isa = PBXFrameworksBuildPhase;
			buildActionMask = 2147483647;
			files = (
				7A37C72F1C3F89DE009FB9CA /* libz.tbd in Frameworks */,
				7A37C72D1C3F89C4009FB9CA /* libsqlite3.tbd in Frameworks */,
				80BD4C1A1B338E2C007794E6 /* AudioToolbox.framework in Frameworks */,
				80BD4C1B1B338E2C007794E6 /* CFNetwork.framework in Frameworks */,
				80BD4C1C1B338E2C007794E6 /* CoreGraphics.framework in Frameworks */,
				80BD4C1D1B338E2C007794E6 /* CoreLocation.framework in Frameworks */,
				80BD4C201B338E2C007794E6 /* MobileCoreServices.framework in Frameworks */,
				80BD4C211B338E2C007794E6 /* QuartzCore.framework in Frameworks */,
				80BD4C221B338E2C007794E6 /* Security.framework in Frameworks */,
				80BD4C241B338E2C007794E6 /* SystemConfiguration.framework in Frameworks */,
				80BD4C0D1B338DC5007794E6 /* Bolts.framework in Frameworks */,
				80BD4C0E1B338DCA007794E6 /* Parse.framework in Frameworks */,
				7A03D4F51C403884007F8023 /* ParseUI.framework in Frameworks */,
			);
			runOnlyForDeploymentPostprocessing = 0;
		};
		80D9553B1B17B37600D98A0B /* Frameworks */ = {
			isa = PBXFrameworksBuildPhase;
			buildActionMask = 2147483647;
			files = (
				80BD4C0B1B338D48007794E6 /* Parse.framework in Frameworks */,
				80BD4C091B338D48007794E6 /* Bolts.framework in Frameworks */,
			);
			runOnlyForDeploymentPostprocessing = 0;
		};
/* End PBXFrameworksBuildPhase section */

/* Begin PBXGroup section */
		80130D841B2EA0B300009276 /* Resources */ = {
			isa = PBXGroup;
			children = (
				80130D851B2EA0C000009276 /* Fonts */,
			);
			name = Resources;
			sourceTree = "<group>";
		};
		80130D851B2EA0C000009276 /* Fonts */ = {
			isa = PBXGroup;
			children = (
				80130D861B2EA10000009276 /* OpenSans-Bold.ttf */,
				80130D871B2EA10000009276 /* OpenSans-BoldItalic.ttf */,
				80130D881B2EA10000009276 /* OpenSans-ExtraBold.ttf */,
				80130D891B2EA10000009276 /* OpenSans-ExtraBoldItalic.ttf */,
				80130D8A1B2EA10000009276 /* OpenSans-Italic.ttf */,
				80130D8B1B2EA10000009276 /* OpenSans-Light.ttf */,
				80130D8C1B2EA10000009276 /* OpenSans-LightItalic.ttf */,
				80130D8D1B2EA10000009276 /* OpenSans-Regular.ttf */,
				80130D8E1B2EA10000009276 /* OpenSans-Semibold.ttf */,
				80130D8F1B2EA10000009276 /* OpenSans-SemiboldItalic.ttf */,
			);
			name = Fonts;
			sourceTree = "<group>";
		};
		80BD4C0C1B338D7F007794E6 /* Frameworks */ = {
			isa = PBXGroup;
			children = (
				801A79E61B3CCD3E004EC713 /* ParseUI.framework */,
				7A37C72E1C3F89DE009FB9CA /* libz.tbd */,
				7A37C72C1C3F89C4009FB9CA /* libsqlite3.tbd */,
				80BD4C0F1B338E2C007794E6 /* AudioToolbox.framework */,
				80BD4C101B338E2C007794E6 /* CFNetwork.framework */,
				80BD4C111B338E2C007794E6 /* CoreGraphics.framework */,
				80BD4C121B338E2C007794E6 /* CoreLocation.framework */,
				80BD4C151B338E2C007794E6 /* MobileCoreServices.framework */,
				80BD4C161B338E2C007794E6 /* QuartzCore.framework */,
				80BD4C171B338E2C007794E6 /* Security.framework */,
				80BD4C191B338E2C007794E6 /* SystemConfiguration.framework */,
				80BD4C061B338D48007794E6 /* Bolts.framework */,
				80BD4C071B338D48007794E6 /* Parse.framework */,
			);
			name = Frameworks;
			sourceTree = "<group>";
		};
		80D955201B17B37500D98A0B = {
			isa = PBXGroup;
			children = (
				80BD4C0C1B338D7F007794E6 /* Frameworks */,
				80D9552B1B17B37500D98A0B /* Roadtrip */,
				80D955411B17B37600D98A0B /* RoadtripTests */,
				80D9552A1B17B37500D98A0B /* Products */,
			);
			sourceTree = "<group>";
		};
		80D9552A1B17B37500D98A0B /* Products */ = {
			isa = PBXGroup;
			children = (
				80D955291B17B37500D98A0B /* Roadtrip.app */,
				80D9553E1B17B37600D98A0B /* RoadtripTests.xctest */,
			);
			name = Products;
			sourceTree = "<group>";
		};
		80D9552B1B17B37500D98A0B /* Roadtrip */ = {
			isa = PBXGroup;
			children = (
				80130D841B2EA0B300009276 /* Resources */,
				80D955321B17B37600D98A0B /* Main.storyboard */,
				80D837F01B74144400546EF2 /* AdminHomeViewController.swift */,
				80130D721B2634F100009276 /* OpenPageViewController.swift */,
				807DD3141B66E89000843379 /* DetailViewController.swift */,
				80D9552E1B17B37500D98A0B /* AppDelegate.swift */,
				80130D741B26373700009276 /* LogInViewController.swift */,
				801A79DE1B3CC20E004EC713 /* ProfileViewController.swift */,
				801D4BB01B4204C900AC5607 /* DescViewController.swift */,
				807DD3121B66D8C400843379 /* CustomPFTableViewCell.swift */,
				8088D0AA1B45F73D0041A231 /* TableViewController.swift */,
				7AADAA4F1C6E33010058E870 /* FirstPFTableViewCell.swift */,
				801D4BA61B41E44900AC5607 /* location.swift */,
				80130DA41B2F7A6F00009276 /* SignUpViewController.swift */,
				80130D821B26598500009276 /* HomeViewController.swift */,
				80D955351B17B37600D98A0B /* Images.xcassets */,
				80D955371B17B37600D98A0B /* LaunchScreen.xib */,
				80D9552C1B17B37500D98A0B /* Supporting Files */,
			);
			path = Roadtrip;
			sourceTree = "<group>";
		};
		80D9552C1B17B37500D98A0B /* Supporting Files */ = {
			isa = PBXGroup;
			children = (
				80D955501B17C0F200D98A0B /* Default.jpg */,
				80D955521B17D9ED00D98A0B /* exiticon.png */,
				80D9552D1B17B37500D98A0B /* Info.plist */,
			);
			name = "Supporting Files";
			sourceTree = "<group>";
		};
		80D955411B17B37600D98A0B /* RoadtripTests */ = {
			isa = PBXGroup;
			children = (
				80D955441B17B37600D98A0B /* RoadtripTests.swift */,
				80D955421B17B37600D98A0B /* Supporting Files */,
			);
			path = RoadtripTests;
			sourceTree = "<group>";
		};
		80D955421B17B37600D98A0B /* Supporting Files */ = {
			isa = PBXGroup;
			children = (
				80D955431B17B37600D98A0B /* Info.plist */,
			);
			name = "Supporting Files";
			sourceTree = "<group>";
		};
/* End PBXGroup section */

/* Begin PBXNativeTarget section */
		80D955281B17B37500D98A0B /* Roadtrip */ = {
			isa = PBXNativeTarget;
			buildConfigurationList = 80D955481B17B37600D98A0B /* Build configuration list for PBXNativeTarget "Roadtrip" */;
			buildPhases = (
				80D955251B17B37500D98A0B /* Sources */,
				80D955261B17B37500D98A0B /* Frameworks */,
				80D955271B17B37500D98A0B /* Resources */,
			);
			buildRules = (
			);
			dependencies = (
			);
			name = Roadtrip;
			productName = Roadtrip;
			productReference = 80D955291B17B37500D98A0B /* Roadtrip.app */;
			productType = "com.apple.product-type.application";
		};
		80D9553D1B17B37600D98A0B /* RoadtripTests */ = {
			isa = PBXNativeTarget;
			buildConfigurationList = 80D9554B1B17B37600D98A0B /* Build configuration list for PBXNativeTarget "RoadtripTests" */;
			buildPhases = (
				80D9553A1B17B37600D98A0B /* Sources */,
				80D9553B1B17B37600D98A0B /* Frameworks */,
				80D9553C1B17B37600D98A0B /* Resources */,
			);
			buildRules = (
			);
			dependencies = (
				80D955401B17B37600D98A0B /* PBXTargetDependency */,
			);
			name = RoadtripTests;
			productName = RoadtripTests;
			productReference = 80D9553E1B17B37600D98A0B /* RoadtripTests.xctest */;
			productType = "com.apple.product-type.bundle.unit-test";
		};
/* End PBXNativeTarget section */

/* Begin PBXProject section */
		80D955211B17B37500D98A0B /* Project object */ = {
			isa = PBXProject;
			attributes = {
				LastSwiftMigration = 0720;
				LastSwiftUpdateCheck = 0720;
				LastUpgradeCheck = 0720;
				ORGANIZATIONNAME = "David Krakauer";
				TargetAttributes = {
					80D955281B17B37500D98A0B = {
						CreatedOnToolsVersion = 6.3.2;
						DevelopmentTeam = 4XWE232KT8;
						SystemCapabilities = {
							com.apple.InAppPurchase = {
								enabled = 0;
							};
						};
					};
					80D9553D1B17B37600D98A0B = {
						CreatedOnToolsVersion = 6.3.2;
						TestTargetID = 80D955281B17B37500D98A0B;
					};
				};
			};
			buildConfigurationList = 80D955241B17B37500D98A0B /* Build configuration list for PBXProject "Roadtrip" */;
			compatibilityVersion = "Xcode 3.2";
			developmentRegion = English;
			hasScannedForEncodings = 0;
			knownRegions = (
				en,
				Base,
			);
			mainGroup = 80D955201B17B37500D98A0B;
			productRefGroup = 80D9552A1B17B37500D98A0B /* Products */;
			projectDirPath = "";
			projectRoot = "";
			targets = (
				80D955281B17B37500D98A0B /* Roadtrip */,
				80D9553D1B17B37600D98A0B /* RoadtripTests */,
			);
		};
/* End PBXProject section */

/* Begin PBXResourcesBuildPhase section */
		80D955271B17B37500D98A0B /* Resources */ = {
			isa = PBXResourcesBuildPhase;
			buildActionMask = 2147483647;
			files = (
				80D955341B17B37600D98A0B /* Main.storyboard in Resources */,
				80130DA21B2EA10000009276 /* OpenSans-SemiboldItalic.ttf in Resources */,
				80130D961B2EA10000009276 /* OpenSans-ExtraBoldItalic.ttf in Resources */,
				80130D9C1B2EA10000009276 /* OpenSans-LightItalic.ttf in Resources */,
				80D955391B17B37600D98A0B /* LaunchScreen.xib in Resources */,
				80130D981B2EA10000009276 /* OpenSans-Italic.ttf in Resources */,
				80130D901B2EA10000009276 /* OpenSans-Bold.ttf in Resources */,
				80130D941B2EA10000009276 /* OpenSans-ExtraBold.ttf in Resources */,
				80130D921B2EA10000009276 /* OpenSans-BoldItalic.ttf in Resources */,
				80D955361B17B37600D98A0B /* Images.xcassets in Resources */,
				80D955531B17D9ED00D98A0B /* exiticon.png in Resources */,
				80130D9A1B2EA10000009276 /* OpenSans-Light.ttf in Resources */,
				80130D9E1B2EA10000009276 /* OpenSans-Regular.ttf in Resources */,
				80130DA01B2EA10000009276 /* OpenSans-Semibold.ttf in Resources */,
				80D955511B17C0F200D98A0B /* Default.jpg in Resources */,
			);
			runOnlyForDeploymentPostprocessing = 0;
		};
		80D9553C1B17B37600D98A0B /* Resources */ = {
			isa = PBXResourcesBuildPhase;
			buildActionMask = 2147483647;
			files = (
				80130D9B1B2EA10000009276 /* OpenSans-Light.ttf in Resources */,
				80130D931B2EA10000009276 /* OpenSans-BoldItalic.ttf in Resources */,
				80130D9D1B2EA10000009276 /* OpenSans-LightItalic.ttf in Resources */,
				80130DA11B2EA10000009276 /* OpenSans-Semibold.ttf in Resources */,
				80130D911B2EA10000009276 /* OpenSans-Bold.ttf in Resources */,
				80130D951B2EA10000009276 /* OpenSans-ExtraBold.ttf in Resources */,
				80130DA31B2EA10000009276 /* OpenSans-SemiboldItalic.ttf in Resources */,
				80130D991B2EA10000009276 /* OpenSans-Italic.ttf in Resources */,
				80130D9F1B2EA10000009276 /* OpenSans-Regular.ttf in Resources */,
				80130D971B2EA10000009276 /* OpenSans-ExtraBoldItalic.ttf in Resources */,
			);
			runOnlyForDeploymentPostprocessing = 0;
		};
/* End PBXResourcesBuildPhase section */

/* Begin PBXSourcesBuildPhase section */
		80D955251B17B37500D98A0B /* Sources */ = {
			isa = PBXSourcesBuildPhase;
			buildActionMask = 2147483647;
			files = (
				807DD3131B66D8C400843379 /* CustomPFTableViewCell.swift in Sources */,
				80D837F11B74144400546EF2 /* AdminHomeViewController.swift in Sources */,
				7AADAA501C6E33010058E870 /* FirstPFTableViewCell.swift in Sources */,
				801D4BB11B4204C900AC5607 /* DescViewController.swift in Sources */,
				807DD3151B66E89000843379 /* DetailViewController.swift in Sources */,
				801D4BA71B41E44900AC5607 /* location.swift in Sources */,
				8088D0AB1B45F73D0041A231 /* TableViewController.swift in Sources */,
				80130DA51B2F7A6F00009276 /* SignUpViewController.swift in Sources */,
				80130D831B26598500009276 /* HomeViewController.swift in Sources */,
				80130D751B26373700009276 /* LogInViewController.swift in Sources */,
				801A79DF1B3CC20E004EC713 /* ProfileViewController.swift in Sources */,
				80130D731B2634F100009276 /* OpenPageViewController.swift in Sources */,
				80D9552F1B17B37500D98A0B /* AppDelegate.swift in Sources */,
			);
			runOnlyForDeploymentPostprocessing = 0;
		};
		80D9553A1B17B37600D98A0B /* Sources */ = {
			isa = PBXSourcesBuildPhase;
			buildActionMask = 2147483647;
			files = (
				80D955451B17B37600D98A0B /* RoadtripTests.swift in Sources */,
			);
			runOnlyForDeploymentPostprocessing = 0;
		};
/* End PBXSourcesBuildPhase section */

/* Begin PBXTargetDependency section */
		80D955401B17B37600D98A0B /* PBXTargetDependency */ = {
			isa = PBXTargetDependency;
			target = 80D955281B17B37500D98A0B /* Roadtrip */;
			targetProxy = 80D9553F1B17B37600D98A0B /* PBXContainerItemProxy */;
		};
/* End PBXTargetDependency section */

/* Begin PBXVariantGroup section */
		80D955321B17B37600D98A0B /* Main.storyboard */ = {
			isa = PBXVariantGroup;
			children = (
				80D955331B17B37600D98A0B /* Base */,
			);
			name = Main.storyboard;
			sourceTree = "<group>";
		};
		80D955371B17B37600D98A0B /* LaunchScreen.xib */ = {
			isa = PBXVariantGroup;
			children = (
				80D955381B17B37600D98A0B /* Base */,
			);
			name = LaunchScreen.xib;
			sourceTree = "<group>";
		};
/* End PBXVariantGroup section */

/* Begin XCBuildConfiguration section */
		80D955461B17B37600D98A0B /* Debug */ = {
			isa = XCBuildConfiguration;
			buildSettings = {
				ALWAYS_SEARCH_USER_PATHS = NO;
				CLANG_CXX_LANGUAGE_STANDARD = "gnu++0x";
				CLANG_CXX_LIBRARY = "libc++";
				CLANG_ENABLE_MODULES = YES;
				CLANG_ENABLE_OBJC_ARC = YES;
				CLANG_WARN_BOOL_CONVERSION = YES;
				CLANG_WARN_CONSTANT_CONVERSION = YES;
				CLANG_WARN_DIRECT_OBJC_ISA_USAGE = YES_ERROR;
				CLANG_WARN_EMPTY_BODY = YES;
				CLANG_WARN_ENUM_CONVERSION = YES;
				CLANG_WARN_INT_CONVERSION = YES;
				CLANG_WARN_OBJC_ROOT_CLASS = YES_ERROR;
				CLANG_WARN_UNREACHABLE_CODE = YES;
				CLANG_WARN__DUPLICATE_METHOD_MATCH = YES;
				CODE_SIGN_IDENTITY = "iPhone Developer: Theresa Krakauer (V94755QJND)";
				"CODE_SIGN_IDENTITY[sdk=iphoneos*]" = "iPhone Developer: Theresa Krakauer (V94755QJND)";
				COPY_PHASE_STRIP = NO;
				DEBUG_INFORMATION_FORMAT = "dwarf-with-dsym";
				ENABLE_STRICT_OBJC_MSGSEND = YES;
				ENABLE_TESTABILITY = YES;
				GCC_C_LANGUAGE_STANDARD = gnu99;
				GCC_DYNAMIC_NO_PIC = NO;
				GCC_NO_COMMON_BLOCKS = YES;
				GCC_OPTIMIZATION_LEVEL = 0;
				GCC_PREPROCESSOR_DEFINITIONS = (
					"DEBUG=1",
					"$(inherited)",
				);
				GCC_SYMBOLS_PRIVATE_EXTERN = NO;
				GCC_WARN_64_TO_32_BIT_CONVERSION = YES;
				GCC_WARN_ABOUT_RETURN_TYPE = YES_ERROR;
				GCC_WARN_UNDECLARED_SELECTOR = YES;
				GCC_WARN_UNINITIALIZED_AUTOS = YES_AGGRESSIVE;
				GCC_WARN_UNUSED_FUNCTION = YES;
				GCC_WARN_UNUSED_VARIABLE = YES;
				IPHONEOS_DEPLOYMENT_TARGET = 8.3;
				MTL_ENABLE_DEBUG_INFO = YES;
				ONLY_ACTIVE_ARCH = YES;
				SDKROOT = iphoneos;
				SWIFT_OPTIMIZATION_LEVEL = "-Onone";
				TARGETED_DEVICE_FAMILY = "1,2";
			};
			name = Debug;
		};
		80D955471B17B37600D98A0B /* Release */ = {
			isa = XCBuildConfiguration;
			buildSettings = {
				ALWAYS_SEARCH_USER_PATHS = NO;
				CLANG_CXX_LANGUAGE_STANDARD = "gnu++0x";
				CLANG_CXX_LIBRARY = "libc++";
				CLANG_ENABLE_MODULES = YES;
				CLANG_ENABLE_OBJC_ARC = YES;
				CLANG_WARN_BOOL_CONVERSION = YES;
				CLANG_WARN_CONSTANT_CONVERSION = YES;
				CLANG_WARN_DIRECT_OBJC_ISA_USAGE = YES_ERROR;
				CLANG_WARN_EMPTY_BODY = YES;
				CLANG_WARN_ENUM_CONVERSION = YES;
				CLANG_WARN_INT_CONVERSION = YES;
				CLANG_WARN_OBJC_ROOT_CLASS = YES_ERROR;
				CLANG_WARN_UNREACHABLE_CODE = YES;
				CLANG_WARN__DUPLICATE_METHOD_MATCH = YES;
				CODE_SIGN_IDENTITY = "iPhone Developer: Theresa Krakauer (V94755QJND)";
				"CODE_SIGN_IDENTITY[sdk=iphoneos*]" = "iPhone Developer: Theresa Krakauer (V94755QJND)";
				COPY_PHASE_STRIP = NO;
				DEBUG_INFORMATION_FORMAT = "dwarf-with-dsym";
				ENABLE_NS_ASSERTIONS = NO;
				ENABLE_STRICT_OBJC_MSGSEND = YES;
				GCC_C_LANGUAGE_STANDARD = gnu99;
				GCC_NO_COMMON_BLOCKS = YES;
				GCC_WARN_64_TO_32_BIT_CONVERSION = YES;
				GCC_WARN_ABOUT_RETURN_TYPE = YES_ERROR;
				GCC_WARN_UNDECLARED_SELECTOR = YES;
				GCC_WARN_UNINITIALIZED_AUTOS = YES_AGGRESSIVE;
				GCC_WARN_UNUSED_FUNCTION = YES;
				GCC_WARN_UNUSED_VARIABLE = YES;
				IPHONEOS_DEPLOYMENT_TARGET = 8.3;
				MTL_ENABLE_DEBUG_INFO = NO;
				SDKROOT = iphoneos;
				TARGETED_DEVICE_FAMILY = "1,2";
				VALIDATE_PRODUCT = YES;
			};
			name = Release;
		};
		80D955491B17B37600D98A0B /* Debug */ = {
			isa = XCBuildConfiguration;
			buildSettings = {
				ASSETCATALOG_COMPILER_APPICON_NAME = AppIcon;
				CODE_SIGN_IDENTITY = "iPhone Developer";
				"CODE_SIGN_IDENTITY[sdk=iphoneos*]" = "iPhone Developer";
				FRAMEWORK_SEARCH_PATHS = (
					"$(inherited)",
					"$(PROJECT_DIR)",
				);
				INFOPLIST_FILE = Roadtrip/Info.plist;
				LD_RUNPATH_SEARCH_PATHS = "$(inherited) @executable_path/Frameworks";
				PRODUCT_BUNDLE_IDENTIFIER = "com.davidKrakauer.$(PRODUCT_NAME:rfc1034identifier)";
				PRODUCT_NAME = "$(TARGET_NAME)";
				PROVISIONING_PROFILE = "";
				TARGETED_DEVICE_FAMILY = 1;
				VALIDATE_PRODUCT = NO;
			};
			name = Debug;
		};
		80D9554A1B17B37600D98A0B /* Release */ = {
			isa = XCBuildConfiguration;
			buildSettings = {
				ASSETCATALOG_COMPILER_APPICON_NAME = AppIcon;
				CODE_SIGN_IDENTITY = "iPhone Developer";
				"CODE_SIGN_IDENTITY[sdk=iphoneos*]" = "iPhone Developer";
				FRAMEWORK_SEARCH_PATHS = (
					"$(inherited)",
					"$(PROJECT_DIR)",
					/Users/rkrakauer/Downloads,
				);
				INFOPLIST_FILE = Roadtrip/Info.plist;
				LD_RUNPATH_SEARCH_PATHS = "$(inherited) @executable_path/Frameworks";
				PRODUCT_BUNDLE_IDENTIFIER = "com.davidKrakauer.$(PRODUCT_NAME:rfc1034identifier)";
				PRODUCT_NAME = "$(TARGET_NAME)";
				PROVISIONING_PROFILE = "";
				TARGETED_DEVICE_FAMILY = 1;
				VALIDATE_PRODUCT = NO;
			};
			name = Release;
		};
		80D9554C1B17B37600D98A0B /* Debug */ = {
			isa = XCBuildConfiguration;
			buildSettings = {
				BUNDLE_LOADER = "$(TEST_HOST)";
				FRAMEWORK_SEARCH_PATHS = (
					"$(SDKROOT)/Developer/Library/Frameworks",
					"$(inherited)",
					"$(PROJECT_DIR)",
				);
				GCC_PREPROCESSOR_DEFINITIONS = (
					"DEBUG=1",
					"$(inherited)",
				);
				INFOPLIST_FILE = RoadtripTests/Info.plist;
				LD_RUNPATH_SEARCH_PATHS = "$(inherited) @executable_path/Frameworks @loader_path/Frameworks";
				PRODUCT_BUNDLE_IDENTIFIER = "com.davidKrakauer.$(PRODUCT_NAME:rfc1034identifier)";
				PRODUCT_NAME = "$(TARGET_NAME)";
				TEST_HOST = "$(BUILT_PRODUCTS_DIR)/Roadtrip.app/Roadtrip";
			};
			name = Debug;
		};
		80D9554D1B17B37600D98A0B /* Release */ = {
			isa = XCBuildConfiguration;
			buildSettings = {
				BUNDLE_LOADER = "$(TEST_HOST)";
				FRAMEWORK_SEARCH_PATHS = (
					"$(SDKROOT)/Developer/Library/Frameworks",
					"$(inherited)",
					"$(PROJECT_DIR)",
				);
				INFOPLIST_FILE = RoadtripTests/Info.plist;
				LD_RUNPATH_SEARCH_PATHS = "$(inherited) @executable_path/Frameworks @loader_path/Frameworks";
				PRODUCT_BUNDLE_IDENTIFIER = "com.davidKrakauer.$(PRODUCT_NAME:rfc1034identifier)";
				PRODUCT_NAME = "$(TARGET_NAME)";
				TEST_HOST = "$(BUILT_PRODUCTS_DIR)/Roadtrip.app/Roadtrip";
			};
			name = Release;
		};
/* End XCBuildConfiguration section */

/* Begin XCConfigurationList section */
		80D955241B17B37500D98A0B /* Build configuration list for PBXProject "Roadtrip" */ = {
			isa = XCConfigurationList;
			buildConfigurations = (
				80D955461B17B37600D98A0B /* Debug */,
				80D955471B17B37600D98A0B /* Release */,
			);
			defaultConfigurationIsVisible = 0;
			defaultConfigurationName = Release;
		};
		80D955481B17B37600D98A0B /* Build configuration list for PBXNativeTarget "Roadtrip" */ = {
			isa = XCConfigurationList;
			buildConfigurations = (
				80D955491B17B37600D98A0B /* Debug */,
				80D9554A1B17B37600D98A0B /* Release */,
			);
			defaultConfigurationIsVisible = 0;
			defaultConfigurationName = Release;
		};
		80D9554B1B17B37600D98A0B /* Build configuration list for PBXNativeTarget "RoadtripTests" */ = {
			isa = XCConfigurationList;
			buildConfigurations = (
				80D9554C1B17B37600D98A0B /* Debug */,
				80D9554D1B17B37600D98A0B /* Release */,
			);
			defaultConfigurationIsVisible = 0;
			defaultConfigurationName = Release;
		};
/* End XCConfigurationList section */
	};
	rootObject = 80D955211B17B37500D98A0B /* Project object */;
}
